
Microsoft Visual Studio Solution File, Format Version 12.00
# Visual Studio 15
VisualStudioVersion = 15.0.26730.15
MinimumVisualStudioVersion = 10.0.40219.1
Project("{FAE04EC0-301F-11D3-BF4B-00C04F79EFBC}") = "CS-HuntTracker", "CS-HuntTracker\CS-HuntTracker.csproj", "{813D97F9-17FF-4779-816E-D9B307B4EEB3}"
EndProject
Global
	GlobalSection(SolutionConfigurationPlatforms) = preSolution
		Debug|Any CPU = Debug|Any CPU
		Release|Any CPU = Release|Any CPU
	EndGlobalSection
	GlobalSection(ProjectConfigurationPlatforms) = postSolution
		{813D97F9-17FF-4779-816E-D9B307B4EEB3}.Debug|Any CPU.ActiveCfg = Debug|Any CPU
		{813D97F9-17FF-4779-816E-D9B307B4EEB3}.Debug|Any CPU.Build.0 = Debug|Any CPU
		{813D97F9-17FF-4779-816E-D9B307B4EEB3}.Release|Any CPU.ActiveCfg = Release|Any CPU
		{813D97F9-17FF-4779-816E-D9B307B4EEB3}.Release|Any CPU.Build.0 = Release|Any CPU
	EndGlobalSection
	GlobalSection(SolutionProperties) = preSolution
		HideSolutionNode = FALSE
	EndGlobalSection
	GlobalSection(ExtensibilityGlobals) = postSolution
		SolutionGuid = {D823E1EE-763A-4D56-8372-4B1DB4279F71}
	EndGlobalSection
EndGlobal
